
Microsoft Visual Studio Solution File, Format Version 12.00
# Visual Studio Version 16
VisualStudioVersion = 16.0.29209.152
MinimumVisualStudioVersion = 10.0.40219.1
Project("{FAE04EC0-301F-11D3-BF4B-00C04F79EFBC}") = "Calculator", "Calculator\Calculator.csproj", "{435CA02C-5EAC-4D37-9669-CAD2273D92EB}"
EndProject
Global
	GlobalSection(SolutionConfigurationPlatforms) = preSolution
		Debug|Any CPU = Debug|Any CPU
		Release|Any CPU = Release|Any CPU
	EndGlobalSection
	GlobalSection(ProjectConfigurationPlatforms) = postSolution
		{435CA02C-5EAC-4D37-9669-CAD2273D92EB}.Debug|Any CPU.ActiveCfg = Debug|Any CPU
		{435CA02C-5EAC-4D37-9669-CAD2273D92EB}.Debug|Any CPU.Build.0 = Debug|Any CPU
		{435CA02C-5EAC-4D37-9669-CAD2273D92EB}.Release|Any CPU.ActiveCfg = Release|Any CPU
		{435CA02C-5EAC-4D37-9669-CAD2273D92EB}.Release|Any CPU.Build.0 = Release|Any CPU
	EndGlobalSection
	GlobalSection(SolutionProperties) = preSolution
		HideSolutionNode = FALSE
	EndGlobalSection
	GlobalSection(ExtensibilityGlobals) = postSolution
		SolutionGuid = {A6B4705D-D572-48A9-A9ED-4017831117AB}
	EndGlobalSection
EndGlobal
